// !$*UTF8*$!
{
	archiveVersion = 1;
	classes = {
	};
	objectVersion = 48;
	objects = {

/* Begin PBXBuildFile section */
		05801D4E7AFC4B236F0E5A57 /* Pods_SimpleTxtTranslatorTests.framework in Frameworks */ = {isa = PBXBuildFile; fileRef = 152DB7E6B7EFAA99F7080B87 /* Pods_SimpleTxtTranslatorTests.framework */; };
		8684CCF820A2058B00AF7001 /* AppDelegate.swift in Sources */ = {isa = PBXBuildFile; fileRef = 8684CCF720A2058B00AF7001 /* AppDelegate.swift */; };
		8684CCFA20A2058B00AF7001 /* ViewController.swift in Sources */ = {isa = PBXBuildFile; fileRef = 8684CCF920A2058B00AF7001 /* ViewController.swift */; };
		8684CCFD20A2058B00AF7001 /* Main.storyboard in Resources */ = {isa = PBXBuildFile; fileRef = 8684CCFB20A2058B00AF7001 /* Main.storyboard */; };
		8684CCFF20A2058B00AF7001 /* Assets.xcassets in Resources */ = {isa = PBXBuildFile; fileRef = 8684CCFE20A2058B00AF7001 /* Assets.xcassets */; };
		8684CD0220A2058B00AF7001 /* LaunchScreen.storyboard in Resources */ = {isa = PBXBuildFile; fileRef = 8684CD0020A2058B00AF7001 /* LaunchScreen.storyboard */; };
		8684CD0D20A2058B00AF7001 /* SimpleTxtTranslatorTests.swift in Sources */ = {isa = PBXBuildFile; fileRef = 8684CD0C20A2058B00AF7001 /* SimpleTxtTranslatorTests.swift */; };
		8684CD1820A2076800AF7001 /* Languages.swift in Sources */ = {isa = PBXBuildFile; fileRef = 8684CD1720A2076800AF7001 /* Languages.swift */; };
		8684CD1B20A207C600AF7001 /* Translator.swift in Sources */ = {isa = PBXBuildFile; fileRef = 8684CD1A20A207C600AF7001 /* Translator.swift */; };
		CE4250D41FA98CAF18F53011 /* Pods_SimpleTxtTranslator.framework in Frameworks */ = {isa = PBXBuildFile; fileRef = 0B40BFF9FF908B95CBB9CF79 /* Pods_SimpleTxtTranslator.framework */; };
/* End PBXBuildFile section */

/* Begin PBXContainerItemProxy section */
		8684CD0920A2058B00AF7001 /* PBXContainerItemProxy */ = {
			isa = PBXContainerItemProxy;
			containerPortal = 8684CCEC20A2058A00AF7001 /* Project object */;
			proxyType = 1;
			remoteGlobalIDString = 8684CCF320A2058A00AF7001;
			remoteInfo = SimpleTxtTranslator;
		};
/* End PBXContainerItemProxy section */

/* Begin PBXFileReference section */
		0B40BFF9FF908B95CBB9CF79 /* Pods_SimpleTxtTranslator.framework */ = {isa = PBXFileReference; explicitFileType = wrapper.framework; includeInIndex = 0; path = Pods_SimpleTxtTranslator.framework; sourceTree = BUILT_PRODUCTS_DIR; };
		152DB7E6B7EFAA99F7080B87 /* Pods_SimpleTxtTranslatorTests.framework */ = {isa = PBXFileReference; explicitFileType = wrapper.framework; includeInIndex = 0; path = Pods_SimpleTxtTranslatorTests.framework; sourceTree = BUILT_PRODUCTS_DIR; };
		1BB74B757204F1722BD234DC /* Pods-SimpleTxtTranslator.release.xcconfig */ = {isa = PBXFileReference; includeInIndex = 1; lastKnownFileType = text.xcconfig; name = "Pods-SimpleTxtTranslator.release.xcconfig"; path = "Pods/Target Support Files/Pods-SimpleTxtTranslator/Pods-SimpleTxtTranslator.release.xcconfig"; sourceTree = "<group>"; };
		8684CCF420A2058A00AF7001 /* SimpleTxtTranslator.app */ = {isa = PBXFileReference; explicitFileType = wrapper.application; includeInIndex = 0; path = SimpleTxtTranslator.app; sourceTree = BUILT_PRODUCTS_DIR; };
		8684CCF720A2058B00AF7001 /* AppDelegate.swift */ = {isa = PBXFileReference; lastKnownFileType = sourcecode.swift; path = AppDelegate.swift; sourceTree = "<group>"; };
		8684CCF920A2058B00AF7001 /* ViewController.swift */ = {isa = PBXFileReference; lastKnownFileType = sourcecode.swift; path = ViewController.swift; sourceTree = "<group>"; };
		8684CCFC20A2058B00AF7001 /* Base */ = {isa = PBXFileReference; lastKnownFileType = file.storyboard; name = Base; path = Base.lproj/Main.storyboard; sourceTree = "<group>"; };
		8684CCFE20A2058B00AF7001 /* Assets.xcassets */ = {isa = PBXFileReference; lastKnownFileType = folder.assetcatalog; path = Assets.xcassets; sourceTree = "<group>"; };
		8684CD0120A2058B00AF7001 /* Base */ = {isa = PBXFileReference; lastKnownFileType = file.storyboard; name = Base; path = Base.lproj/LaunchScreen.storyboard; sourceTree = "<group>"; };
		8684CD0320A2058B00AF7001 /* Info.plist */ = {isa = PBXFileReference; lastKnownFileType = text.plist.xml; path = Info.plist; sourceTree = "<group>"; };
		8684CD0820A2058B00AF7001 /* SimpleTxtTranslatorTests.xctest */ = {isa = PBXFileReference; explicitFileType = wrapper.cfbundle; includeInIndex = 0; path = SimpleTxtTranslatorTests.xctest; sourceTree = BUILT_PRODUCTS_DIR; };
		8684CD0C20A2058B00AF7001 /* SimpleTxtTranslatorTests.swift */ = {isa = PBXFileReference; lastKnownFileType = sourcecode.swift; path = SimpleTxtTranslatorTests.swift; sourceTree = "<group>"; };
		8684CD0E20A2058B00AF7001 /* Info.plist */ = {isa = PBXFileReference; lastKnownFileType = text.plist.xml; path = Info.plist; sourceTree = "<group>"; };
		8684CD1720A2076800AF7001 /* Languages.swift */ = {isa = PBXFileReference; lastKnownFileType = sourcecode.swift; path = Languages.swift; sourceTree = "<group>"; };
		8684CD1A20A207C600AF7001 /* Translator.swift */ = {isa = PBXFileReference; lastKnownFileType = sourcecode.swift; path = Translator.swift; sourceTree = "<group>"; };
		B64DC05FBB500A5662451F0E /* Pods-SimpleTxtTranslator.debug.xcconfig */ = {isa = PBXFileReference; includeInIndex = 1; lastKnownFileType = text.xcconfig; name = "Pods-SimpleTxtTranslator.debug.xcconfig"; path = "Pods/Target Support Files/Pods-SimpleTxtTranslator/Pods-SimpleTxtTranslator.debug.xcconfig"; sourceTree = "<group>"; };
		C04897827728569DB87C0A64 /* Pods-SimpleTxtTranslatorTests.debug.xcconfig */ = {isa = PBXFileReference; includeInIndex = 1; lastKnownFileType = text.xcconfig; name = "Pods-SimpleTxtTranslatorTests.debug.xcconfig"; path = "Pods/Target Support Files/Pods-SimpleTxtTranslatorTests/Pods-SimpleTxtTranslatorTests.debug.xcconfig"; sourceTree = "<group>"; };
		D1BF68B1C8B6B11AFFCF47AE /* Pods-SimpleTxtTranslatorTests.release.xcconfig */ = {isa = PBXFileReference; includeInIndex = 1; lastKnownFileType = text.xcconfig; name = "Pods-SimpleTxtTranslatorTests.release.xcconfig"; path = "Pods/Target Support Files/Pods-SimpleTxtTranslatorTests/Pods-SimpleTxtTranslatorTests.release.xcconfig"; sourceTree = "<group>"; };
/* End PBXFileReference section */

/* Begin PBXFrameworksBuildPhase section */
		8684CCF120A2058A00AF7001 /* Frameworks */ = {
			isa = PBXFrameworksBuildPhase;
			buildActionMask = 2147483647;
			files = (
				CE4250D41FA98CAF18F53011 /* Pods_SimpleTxtTranslator.framework in Frameworks */,
			);
			runOnlyForDeploymentPostprocessing = 0;
		};
		8684CD0520A2058B00AF7001 /* Frameworks */ = {
			isa = PBXFrameworksBuildPhase;
			buildActionMask = 2147483647;
			files = (
				05801D4E7AFC4B236F0E5A57 /* Pods_SimpleTxtTranslatorTests.framework in Frameworks */,
			);
			runOnlyForDeploymentPostprocessing = 0;
		};
/* End PBXFrameworksBuildPhase section */

/* Begin PBXGroup section */
		8684CCEB20A2058A00AF7001 = {
			isa = PBXGroup;
			children = (
				8684CCF620A2058B00AF7001 /* SimpleTxtTranslator */,
				8684CD0B20A2058B00AF7001 /* SimpleTxtTranslatorTests */,
				8684CCF520A2058A00AF7001 /* Products */,
				ECE9D6BF2C761E90565A5717 /* Pods */,
				ABBBA3B522EBC25EE420DCD4 /* Frameworks */,
			);
			sourceTree = "<group>";
		};
		8684CCF520A2058A00AF7001 /* Products */ = {
			isa = PBXGroup;
			children = (
				8684CCF420A2058A00AF7001 /* SimpleTxtTranslator.app */,
				8684CD0820A2058B00AF7001 /* SimpleTxtTranslatorTests.xctest */,
			);
			name = Products;
			sourceTree = "<group>";
		};
		8684CCF620A2058B00AF7001 /* SimpleTxtTranslator */ = {
			isa = PBXGroup;
			children = (
				8684CD1920A2076C00AF7001 /* Source */,
				8684CCF720A2058B00AF7001 /* AppDelegate.swift */,
				8684CCF920A2058B00AF7001 /* ViewController.swift */,
				8684CCFB20A2058B00AF7001 /* Main.storyboard */,
				8684CCFE20A2058B00AF7001 /* Assets.xcassets */,
				8684CD0020A2058B00AF7001 /* LaunchScreen.storyboard */,
				8684CD0320A2058B00AF7001 /* Info.plist */,
			);
			path = SimpleTxtTranslator;
			sourceTree = "<group>";
		};
		8684CD0B20A2058B00AF7001 /* SimpleTxtTranslatorTests */ = {
			isa = PBXGroup;
			children = (
				8684CD0C20A2058B00AF7001 /* SimpleTxtTranslatorTests.swift */,
				8684CD0E20A2058B00AF7001 /* Info.plist */,
			);
			path = SimpleTxtTranslatorTests;
			sourceTree = "<group>";
		};
		8684CD1920A2076C00AF7001 /* Source */ = {
			isa = PBXGroup;
			children = (
				8684CD1720A2076800AF7001 /* Languages.swift */,
				8684CD1A20A207C600AF7001 /* Translator.swift */,
			);
			path = Source;
			sourceTree = "<group>";
		};
		ABBBA3B522EBC25EE420DCD4 /* Frameworks */ = {
			isa = PBXGroup;
			children = (
				0B40BFF9FF908B95CBB9CF79 /* Pods_SimpleTxtTranslator.framework */,
				152DB7E6B7EFAA99F7080B87 /* Pods_SimpleTxtTranslatorTests.framework */,
			);
			name = Frameworks;
			sourceTree = "<group>";
		};
		ECE9D6BF2C761E90565A5717 /* Pods */ = {
			isa = PBXGroup;
			children = (
				B64DC05FBB500A5662451F0E /* Pods-SimpleTxtTranslator.debug.xcconfig */,
				1BB74B757204F1722BD234DC /* Pods-SimpleTxtTranslator.release.xcconfig */,
				C04897827728569DB87C0A64 /* Pods-SimpleTxtTranslatorTests.debug.xcconfig */,
				D1BF68B1C8B6B11AFFCF47AE /* Pods-SimpleTxtTranslatorTests.release.xcconfig */,
			);
			name = Pods;
			sourceTree = "<group>";
		};
/* End PBXGroup section */

/* Begin PBXNativeTarget section */
		8684CCF320A2058A00AF7001 /* SimpleTxtTranslator */ = {
			isa = PBXNativeTarget;
			buildConfigurationList = 8684CD1120A2058B00AF7001 /* Build configuration list for PBXNativeTarget "SimpleTxtTranslator" */;
			buildPhases = (
				41FBEBC31CA7C09E2434D5D0 /* [CP] Check Pods Manifest.lock */,
				8684CCF020A2058A00AF7001 /* Sources */,
				8684CCF120A2058A00AF7001 /* Frameworks */,
				8684CCF220A2058A00AF7001 /* Resources */,
			);
			buildRules = (
			);
			dependencies = (
			);
			name = SimpleTxtTranslator;
			productName = SimpleTxtTranslator;
			productReference = 8684CCF420A2058A00AF7001 /* SimpleTxtTranslator.app */;
			productType = "com.apple.product-type.application";
		};
		8684CD0720A2058B00AF7001 /* SimpleTxtTranslatorTests */ = {
			isa = PBXNativeTarget;
			buildConfigurationList = 8684CD1420A2058B00AF7001 /* Build configuration list for PBXNativeTarget "SimpleTxtTranslatorTests" */;
			buildPhases = (
				48208B4498DAFC45963F40CB /* [CP] Check Pods Manifest.lock */,
				8684CD0420A2058B00AF7001 /* Sources */,
				8684CD0520A2058B00AF7001 /* Frameworks */,
				8684CD0620A2058B00AF7001 /* Resources */,
				7B0FC70133D142337C5BF85D /* [CP] Embed Pods Frameworks */,
			);
			buildRules = (
			);
			dependencies = (
				8684CD0A20A2058B00AF7001 /* PBXTargetDependency */,
			);
			name = SimpleTxtTranslatorTests;
			productName = SimpleTxtTranslatorTests;
			productReference = 8684CD0820A2058B00AF7001 /* SimpleTxtTranslatorTests.xctest */;
			productType = "com.apple.product-type.bundle.unit-test";
		};
/* End PBXNativeTarget section */

/* Begin PBXProject section */
		8684CCEC20A2058A00AF7001 /* Project object */ = {
			isa = PBXProject;
			attributes = {
				LastSwiftUpdateCheck = 0920;
				LastUpgradeCheck = 0920;
				ORGANIZATIONNAME = Aliamcami;
				TargetAttributes = {
					8684CCF320A2058A00AF7001 = {
						CreatedOnToolsVersion = 9.2;
						ProvisioningStyle = Automatic;
					};
					8684CD0720A2058B00AF7001 = {
						CreatedOnToolsVersion = 9.2;
						ProvisioningStyle = Automatic;
						TestTargetID = 8684CCF320A2058A00AF7001;
					};
				};
			};
			buildConfigurationList = 8684CCEF20A2058A00AF7001 /* Build configuration list for PBXProject "SimpleTxtTranslator" */;
			compatibilityVersion = "Xcode 8.0";
			developmentRegion = en;
			hasScannedForEncodings = 0;
			knownRegions = (
				en,
				Base,
			);
			mainGroup = 8684CCEB20A2058A00AF7001;
			productRefGroup = 8684CCF520A2058A00AF7001 /* Products */;
			projectDirPath = "";
			projectRoot = "";
			targets = (
				8684CCF320A2058A00AF7001 /* SimpleTxtTranslator */,
				8684CD0720A2058B00AF7001 /* SimpleTxtTranslatorTests */,
			);
		};
/* End PBXProject section */

/* Begin PBXResourcesBuildPhase section */
		8684CCF220A2058A00AF7001 /* Resources */ = {
			isa = PBXResourcesBuildPhase;
			buildActionMask = 2147483647;
			files = (
				8684CD0220A2058B00AF7001 /* LaunchScreen.storyboard in Resources */,
				8684CCFF20A2058B00AF7001 /* Assets.xcassets in Resources */,
				8684CCFD20A2058B00AF7001 /* Main.storyboard in Resources */,
			);
			runOnlyForDeploymentPostprocessing = 0;
		};
		8684CD0620A2058B00AF7001 /* Resources */ = {
			isa = PBXResourcesBuildPhase;
			buildActionMask = 2147483647;
			files = (
			);
			runOnlyForDeploymentPostprocessing = 0;
		};
/* End PBXResourcesBuildPhase section */

/* Begin PBXShellScriptBuildPhase section */
		41FBEBC31CA7C09E2434D5D0 /* [CP] Check Pods Manifest.lock */ = {
			isa = PBXShellScriptBuildPhase;
			buildActionMask = 2147483647;
			files = (
			);
			inputPaths = (
				"${PODS_PODFILE_DIR_PATH}/Podfile.lock",
				"${PODS_ROOT}/Manifest.lock",
			);
			name = "[CP] Check Pods Manifest.lock";
			outputPaths = (
				"$(DERIVED_FILE_DIR)/Pods-SimpleTxtTranslator-checkManifestLockResult.txt",
			);
			runOnlyForDeploymentPostprocessing = 0;
			shellPath = /bin/sh;
			shellScript = "diff \"${PODS_PODFILE_DIR_PATH}/Podfile.lock\" \"${PODS_ROOT}/Manifest.lock\" > /dev/null\nif [ $? != 0 ] ; then\n    # print error to STDERR\n    echo \"error: The sandbox is not in sync with the Podfile.lock. Run 'pod install' or update your CocoaPods installation.\" >&2\n    exit 1\nfi\n# This output is used by Xcode 'outputs' to avoid re-running this script phase.\necho \"SUCCESS\" > \"${SCRIPT_OUTPUT_FILE_0}\"\n";
			showEnvVarsInLog = 0;
		};
		48208B4498DAFC45963F40CB /* [CP] Check Pods Manifest.lock */ = {
			isa = PBXShellScriptBuildPhase;
			buildActionMask = 2147483647;
			files = (
			);
			inputPaths = (
				"${PODS_PODFILE_DIR_PATH}/Podfile.lock",
				"${PODS_ROOT}/Manifest.lock",
			);
			name = "[CP] Check Pods Manifest.lock";
			outputPaths = (
				"$(DERIVED_FILE_DIR)/Pods-SimpleTxtTranslatorTests-checkManifestLockResult.txt",
			);
			runOnlyForDeploymentPostprocessing = 0;
			shellPath = /bin/sh;
			shellScript = "diff \"${PODS_PODFILE_DIR_PATH}/Podfile.lock\" \"${PODS_ROOT}/Manifest.lock\" > /dev/null\nif [ $? != 0 ] ; then\n    # print error to STDERR\n    echo \"error: The sandbox is not in sync with the Podfile.lock. Run 'pod install' or update your CocoaPods installation.\" >&2\n    exit 1\nfi\n# This output is used by Xcode 'outputs' to avoid re-running this script phase.\necho \"SUCCESS\" > \"${SCRIPT_OUTPUT_FILE_0}\"\n";
			showEnvVarsInLog = 0;
		};
		7B0FC70133D142337C5BF85D /* [CP] Embed Pods Frameworks */ = {
			isa = PBXShellScriptBuildPhase;
			buildActionMask = 2147483647;
			files = (
			);
			inputPaths = (
				"${SRCROOT}/Pods/Target Support Files/Pods-SimpleTxtTranslatorTests/Pods-SimpleTxtTranslatorTests-frameworks.sh",
				"${BUILT_PRODUCTS_DIR}/SwiftyJSON/SwiftyJSON.framework",
			);
			name = "[CP] Embed Pods Frameworks";
			outputPaths = (
				"${TARGET_BUILD_DIR}/${FRAMEWORKS_FOLDER_PATH}/SwiftyJSON.framework",
			);
			runOnlyForDeploymentPostprocessing = 0;
			shellPath = /bin/sh;
			shellScript = "\"${SRCROOT}/Pods/Target Support Files/Pods-SimpleTxtTranslatorTests/Pods-SimpleTxtTranslatorTests-frameworks.sh\"\n";
			showEnvVarsInLog = 0;
		};
/* End PBXShellScriptBuildPhase section */

/* Begin PBXSourcesBuildPhase section */
		8684CCF020A2058A00AF7001 /* Sources */ = {
			isa = PBXSourcesBuildPhase;
			buildActionMask = 2147483647;
			files = (
				8684CCFA20A2058B00AF7001 /* ViewController.swift in Sources */,
				8684CD1B20A207C600AF7001 /* Translator.swift in Sources */,
				8684CCF820A2058B00AF7001 /* AppDelegate.swift in Sources */,
				8684CD1820A2076800AF7001 /* Languages.swift in Sources */,
			);
			runOnlyForDeploymentPostprocessing = 0;
		};
		8684CD0420A2058B00AF7001 /* Sources */ = {
			isa = PBXSourcesBuildPhase;
			buildActionMask = 2147483647;
			files = (
				8684CD0D20A2058B00AF7001 /* SimpleTxtTranslatorTests.swift in Sources */,
			);
			runOnlyForDeploymentPostprocessing = 0;
		};
/* End PBXSourcesBuildPhase section */

/* Begin PBXTargetDependency section */
		8684CD0A20A2058B00AF7001 /* PBXTargetDependency */ = {
			isa = PBXTargetDependency;
			target = 8684CCF320A2058A00AF7001 /* SimpleTxtTranslator */;
			targetProxy = 8684CD0920A2058B00AF7001 /* PBXContainerItemProxy */;
		};
/* End PBXTargetDependency section */

/* Begin PBXVariantGroup section */
		8684CCFB20A2058B00AF7001 /* Main.storyboard */ = {
			isa = PBXVariantGroup;
			children = (
				8684CCFC20A2058B00AF7001 /* Base */,
			);
			name = Main.storyboard;
			sourceTree = "<group>";
		};
		8684CD0020A2058B00AF7001 /* LaunchScreen.storyboard */ = {
			isa = PBXVariantGroup;
			children = (
				8684CD0120A2058B00AF7001 /* Base */,
			);
			name = LaunchScreen.storyboard;
			sourceTree = "<group>";
		};
/* End PBXVariantGroup section */

/* Begin XCBuildConfiguration section */
		8684CD0F20A2058B00AF7001 /* Debug */ = {
			isa = XCBuildConfiguration;
			buildSettings = {
				ALWAYS_SEARCH_USER_PATHS = NO;
				CLANG_ANALYZER_NONNULL = YES;
				CLANG_ANALYZER_NUMBER_OBJECT_CONVERSION = YES_AGGRESSIVE;
				CLANG_CXX_LANGUAGE_STANDARD = "gnu++14";
				CLANG_CXX_LIBRARY = "libc++";
				CLANG_ENABLE_MODULES = YES;
				CLANG_ENABLE_OBJC_ARC = YES;
				CLANG_WARN_BLOCK_CAPTURE_AUTORELEASING = YES;
				CLANG_WARN_BOOL_CONVERSION = YES;
				CLANG_WARN_COMMA = YES;
				CLANG_WARN_CONSTANT_CONVERSION = YES;
				CLANG_WARN_DIRECT_OBJC_ISA_USAGE = YES_ERROR;
				CLANG_WARN_DOCUMENTATION_COMMENTS = YES;
				CLANG_WARN_EMPTY_BODY = YES;
				CLANG_WARN_ENUM_CONVERSION = YES;
				CLANG_WARN_INFINITE_RECURSION = YES;
				CLANG_WARN_INT_CONVERSION = YES;
				CLANG_WARN_NON_LITERAL_NULL_CONVERSION = YES;
				CLANG_WARN_OBJC_LITERAL_CONVERSION = YES;
				CLANG_WARN_OBJC_ROOT_CLASS = YES_ERROR;
				CLANG_WARN_RANGE_LOOP_ANALYSIS = YES;
				CLANG_WARN_STRICT_PROTOTYPES = YES;
				CLANG_WARN_SUSPICIOUS_MOVE = YES;
				CLANG_WARN_UNGUARDED_AVAILABILITY = YES_AGGRESSIVE;
				CLANG_WARN_UNREACHABLE_CODE = YES;
				CLANG_WARN__DUPLICATE_METHOD_MATCH = YES;
				CODE_SIGN_IDENTITY = "iPhone Developer";
				COPY_PHASE_STRIP = NO;
				DEBUG_INFORMATION_FORMAT = dwarf;
				ENABLE_STRICT_OBJC_MSGSEND = YES;
				ENABLE_TESTABILITY = YES;
				GCC_C_LANGUAGE_STANDARD = gnu11;
				GCC_DYNAMIC_NO_PIC = NO;
				GCC_NO_COMMON_BLOCKS = YES;
				GCC_OPTIMIZATION_LEVEL = 0;
				GCC_PREPROCESSOR_DEFINITIONS = (
					"DEBUG=1",
					"$(inherited)",
				);
				GCC_WARN_64_TO_32_BIT_CONVERSION = YES;
				GCC_WARN_ABOUT_RETURN_TYPE = YES_ERROR;
				GCC_WARN_UNDECLARED_SELECTOR = YES;
				GCC_WARN_UNINITIALIZED_AUTOS = YES_AGGRESSIVE;
				GCC_WARN_UNUSED_FUNCTION = YES;
				GCC_WARN_UNUSED_VARIABLE = YES;
				IPHONEOS_DEPLOYMENT_TARGET = 11.2;
				MTL_ENABLE_DEBUG_INFO = YES;
				ONLY_ACTIVE_ARCH = YES;
				SDKROOT = iphoneos;
				SWIFT_ACTIVE_COMPILATION_CONDITIONS = DEBUG;
				SWIFT_OPTIMIZATION_LEVEL = "-Onone";
			};
			name = Debug;
		};
		8684CD1020A2058B00AF7001 /* Release */ = {
			isa = XCBuildConfiguration;
			buildSettings = {
				ALWAYS_SEARCH_USER_PATHS = NO;
				CLANG_ANALYZER_NONNULL = YES;
				CLANG_ANALYZER_NUMBER_OBJECT_CONVERSION = YES_AGGRESSIVE;
				CLANG_CXX_LANGUAGE_STANDARD = "gnu++14";
				CLANG_CXX_LIBRARY = "libc++";
				CLANG_ENABLE_MODULES = YES;
				CLANG_ENABLE_OBJC_ARC = YES;
				CLANG_WARN_BLOCK_CAPTURE_AUTORELEASING = YES;
				CLANG_WARN_BOOL_CONVERSION = YES;
				CLANG_WARN_COMMA = YES;
				CLANG_WARN_CONSTANT_CONVERSION = YES;
				CLANG_WARN_DIRECT_OBJC_ISA_USAGE = YES_ERROR;
				CLANG_WARN_DOCUMENTATION_COMMENTS = YES;
				CLANG_WARN_EMPTY_BODY = YES;
				CLANG_WARN_ENUM_CONVERSION = YES;
				CLANG_WARN_INFINITE_RECURSION = YES;
				CLANG_WARN_INT_CONVERSION = YES;
				CLANG_WARN_NON_LITERAL_NULL_CONVERSION = YES;
				CLANG_WARN_OBJC_LITERAL_CONVERSION = YES;
				CLANG_WARN_OBJC_ROOT_CLASS = YES_ERROR;
				CLANG_WARN_RANGE_LOOP_ANALYSIS = YES;
				CLANG_WARN_STRICT_PROTOTYPES = YES;
				CLANG_WARN_SUSPICIOUS_MOVE = YES;
				CLANG_WARN_UNGUARDED_AVAILABILITY = YES_AGGRESSIVE;
				CLANG_WARN_UNREACHABLE_CODE = YES;
				CLANG_WARN__DUPLICATE_METHOD_MATCH = YES;
				CODE_SIGN_IDENTITY = "iPhone Developer";
				COPY_PHASE_STRIP = NO;
				DEBUG_INFORMATION_FORMAT = "dwarf-with-dsym";
				ENABLE_NS_ASSERTIONS = NO;
				ENABLE_STRICT_OBJC_MSGSEND = YES;
				GCC_C_LANGUAGE_STANDARD = gnu11;
				GCC_NO_COMMON_BLOCKS = YES;
				GCC_WARN_64_TO_32_BIT_CONVERSION = YES;
				GCC_WARN_ABOUT_RETURN_TYPE = YES_ERROR;
				GCC_WARN_UNDECLARED_SELECTOR = YES;
				GCC_WARN_UNINITIALIZED_AUTOS = YES_AGGRESSIVE;
				GCC_WARN_UNUSED_FUNCTION = YES;
				GCC_WARN_UNUSED_VARIABLE = YES;
				IPHONEOS_DEPLOYMENT_TARGET = 11.2;
				MTL_ENABLE_DEBUG_INFO = NO;
				SDKROOT = iphoneos;
				SWIFT_OPTIMIZATION_LEVEL = "-Owholemodule";
				VALIDATE_PRODUCT = YES;
			};
			name = Release;
		};
		8684CD1220A2058B00AF7001 /* Debug */ = {
			isa = XCBuildConfiguration;
			baseConfigurationReference = B64DC05FBB500A5662451F0E /* Pods-SimpleTxtTranslator.debug.xcconfig */;
			buildSettings = {
				ALWAYS_EMBED_SWIFT_STANDARD_LIBRARIES = "$(inherited)";
				ASSETCATALOG_COMPILER_APPICON_NAME = AppIcon;
				CODE_SIGN_STYLE = Automatic;
				DEVELOPMENT_TEAM = SJAG297899;
				INFOPLIST_FILE = SimpleTxtTranslator/Info.plist;
				LD_RUNPATH_SEARCH_PATHS = "$(inherited) @executable_path/Frameworks";
				PRODUCT_BUNDLE_IDENTIFIER = Aliamcami.SimpleTxtTranslator;
				PRODUCT_NAME = "$(TARGET_NAME)";
				SWIFT_VERSION = 4.0;
				TARGETED_DEVICE_FAMILY = "1,2";
			};
			name = Debug;
		};
		8684CD1320A2058B00AF7001 /* Release */ = {
			isa = XCBuildConfiguration;
			baseConfigurationReference = 1BB74B757204F1722BD234DC /* Pods-SimpleTxtTranslator.release.xcconfig */;
			buildSettings = {
				ALWAYS_EMBED_SWIFT_STANDARD_LIBRARIES = "$(inherited)";
				ASSETCATALOG_COMPILER_APPICON_NAME = AppIcon;
				CODE_SIGN_STYLE = Automatic;
				DEVELOPMENT_TEAM = SJAG297899;
				INFOPLIST_FILE = SimpleTxtTranslator/Info.plist;
				LD_RUNPATH_SEARCH_PATHS = "$(inherited) @executable_path/Frameworks";
				PRODUCT_BUNDLE_IDENTIFIER = Aliamcami.SimpleTxtTranslator;
				PRODUCT_NAME = "$(TARGET_NAME)";
				SWIFT_VERSION = 4.0;
				TARGETED_DEVICE_FAMILY = "1,2";
			};
			name = Release;
		};
		8684CD1520A2058B00AF7001 /* Debug */ = {
			isa = XCBuildConfiguration;
			baseConfigurationReference = C04897827728569DB87C0A64 /* Pods-SimpleTxtTranslatorTests.debug.xcconfig */;
			buildSettings = {
				ALWAYS_EMBED_SWIFT_STANDARD_LIBRARIES = YES;
				BUNDLE_LOADER = "$(TEST_HOST)";
				CODE_SIGN_STYLE = Automatic;
				DEVELOPMENT_TEAM = SJAG297899;
				INFOPLIST_FILE = SimpleTxtTranslatorTests/Info.plist;
				LD_RUNPATH_SEARCH_PATHS = "$(inherited) @executable_path/Frameworks @loader_path/Frameworks";
				PRODUCT_BUNDLE_IDENTIFIER = Aliamcami.SimpleTxtTranslatorTests;
				PRODUCT_NAME = "$(TARGET_NAME)";
				SWIFT_VERSION = 4.0;
				TARGETED_DEVICE_FAMILY = "1,2";
				TEST_HOST = "$(BUILT_PRODUCTS_DIR)/SimpleTxtTranslator.app/SimpleTxtTranslator";
			};
			name = Debug;
		};
		8684CD1620A2058B00AF7001 /* Release */ = {
			isa = XCBuildConfiguration;
			baseConfigurationReference = D1BF68B1C8B6B11AFFCF47AE /* Pods-SimpleTxtTranslatorTests.release.xcconfig */;
			buildSettings = {
				ALWAYS_EMBED_SWIFT_STANDARD_LIBRARIES = YES;
				BUNDLE_LOADER = "$(TEST_HOST)";
				CODE_SIGN_STYLE = Automatic;
				DEVELOPMENT_TEAM = SJAG297899;
				INFOPLIST_FILE = SimpleTxtTranslatorTests/Info.plist;
				LD_RUNPATH_SEARCH_PATHS = "$(inherited) @executable_path/Frameworks @loader_path/Frameworks";
				PRODUCT_BUNDLE_IDENTIFIER = Aliamcami.SimpleTxtTranslatorTests;
				PRODUCT_NAME = "$(TARGET_NAME)";
				SWIFT_VERSION = 4.0;
				TARGETED_DEVICE_FAMILY = "1,2";
				TEST_HOST = "$(BUILT_PRODUCTS_DIR)/SimpleTxtTranslator.app/SimpleTxtTranslator";
			};
			name = Release;
		};
/* End XCBuildConfiguration section */

/* Begin XCConfigurationList section */
		8684CCEF20A2058A00AF7001 /* Build configuration list for PBXProject "SimpleTxtTranslator" */ = {
			isa = XCConfigurationList;
			buildConfigurations = (
				8684CD0F20A2058B00AF7001 /* Debug */,
				8684CD1020A2058B00AF7001 /* Release */,
			);
			defaultConfigurationIsVisible = 0;
			defaultConfigurationName = Release;
		};
		8684CD1120A2058B00AF7001 /* Build configuration list for PBXNativeTarget "SimpleTxtTranslator" */ = {
			isa = XCConfigurationList;
			buildConfigurations = (
				8684CD1220A2058B00AF7001 /* Debug */,
				8684CD1320A2058B00AF7001 /* Release */,
			);
			defaultConfigurationIsVisible = 0;
			defaultConfigurationName = Release;
		};
		8684CD1420A2058B00AF7001 /* Build configuration list for PBXNativeTarget "SimpleTxtTranslatorTests" */ = {
			isa = XCConfigurationList;
			buildConfigurations = (
				8684CD1520A2058B00AF7001 /* Debug */,
				8684CD1620A2058B00AF7001 /* Release */,
			);
			defaultConfigurationIsVisible = 0;
			defaultConfigurationName = Release;
		};
/* End XCConfigurationList section */
	};
	rootObject = 8684CCEC20A2058A00AF7001 /* Project object */;
}
